
Microsoft Visual Studio Solution File, Format Version 12.00
# Visual Studio Version 17
VisualStudioVersion = 17.5.002.0
MinimumVisualStudioVersion = 10.0.40219.1
Project("{9A19103F-16F7-4668-BE54-9A1E7A4F7556}") = "Conteners", "Conteners.csproj", "{FEB6AEC8-C057-44CD-BE1E-F832D2B6D35D}"
EndProject
Global
	GlobalSection(SolutionConfigurationPlatforms) = preSolution
		Debug|Any CPU = Debug|Any CPU
		Release|Any CPU = Release|Any CPU
	EndGlobalSection
	GlobalSection(ProjectConfigurationPlatforms) = postSolution
		{FEB6AEC8-C057-44CD-BE1E-F832D2B6D35D}.Debug|Any CPU.ActiveCfg = Debug|Any CPU
		{FEB6AEC8-C057-44CD-BE1E-F832D2B6D35D}.Debug|Any CPU.Build.0 = Debug|Any CPU
		{FEB6AEC8-C057-44CD-BE1E-F832D2B6D35D}.Release|Any CPU.ActiveCfg = Release|Any CPU
		{FEB6AEC8-C057-44CD-BE1E-F832D2B6D35D}.Release|Any CPU.Build.0 = Release|Any CPU
	EndGlobalSection
	GlobalSection(SolutionProperties) = preSolution
		HideSolutionNode = FALSE
	EndGlobalSection
	GlobalSection(ExtensibilityGlobals) = postSolution
		SolutionGuid = {DFFACA86-5A49-427C-97B2-C239E5F77E3D}
	EndGlobalSection
EndGlobal
